
Microsoft Visual Studio Solution File, Format Version 12.00
# Visual Studio Version 17
VisualStudioVersion = 17.1.32421.90
MinimumVisualStudioVersion = 10.0.40219.1
Project("{FAE04EC0-301F-11D3-BF4B-00C04F79EFBC}") = "MathQuiz", "MathQuiz\MathQuiz.csproj", "{96F19310-6118-49FA-8308-697D90569053}"
EndProject
Global
	GlobalSection(SolutionConfigurationPlatforms) = preSolution
		Debug|Any CPU = Debug|Any CPU
		Release|Any CPU = Release|Any CPU
	EndGlobalSection
	GlobalSection(ProjectConfigurationPlatforms) = postSolution
		{96F19310-6118-49FA-8308-697D90569053}.Debug|Any CPU.ActiveCfg = Debug|Any CPU
		{96F19310-6118-49FA-8308-697D90569053}.Debug|Any CPU.Build.0 = Debug|Any CPU
		{96F19310-6118-49FA-8308-697D90569053}.Release|Any CPU.ActiveCfg = Release|Any CPU
		{96F19310-6118-49FA-8308-697D90569053}.Release|Any CPU.Build.0 = Release|Any CPU
	EndGlobalSection
	GlobalSection(SolutionProperties) = preSolution
		HideSolutionNode = FALSE
	EndGlobalSection
	GlobalSection(ExtensibilityGlobals) = postSolution
		SolutionGuid = {269FE7BE-217A-411D-9288-5EFA9C07F03E}
	EndGlobalSection
EndGlobal
